
Microsoft Visual Studio Solution File, Format Version 12.00
# Visual Studio Version 16
VisualStudioVersion = 16.3.29411.108
MinimumVisualStudioVersion = 10.0.40219.1
Project("{FAE04EC0-301F-11D3-BF4B-00C04F79EFBC}") = "prjObjectDetection", "prjObjectDetection\prjObjectDetection.csproj", "{13A45C13-3265-47B8-BC48-A553B569DF55}"
	ProjectSection(ProjectDependencies) = postProject
		{95B10062-5317-416B-AFF4-F451762C72B9} = {95B10062-5317-416B-AFF4-F451762C72B9}
		{E98C2B1F-0114-45B7-9B02-8C6BCCCACB74} = {E98C2B1F-0114-45B7-9B02-8C6BCCCACB74}
		{7D6B87A0-F3D9-4D18-AF98-18D2A772AE4C} = {7D6B87A0-F3D9-4D18-AF98-18D2A772AE4C}
		{1F893647-81AC-413D-857B-30BD4DF4C3AA} = {1F893647-81AC-413D-857B-30BD4DF4C3AA}
	EndProjectSection
EndProject
Project("{FAE04EC0-301F-11D3-BF4B-00C04F79EFBC}") = "Unity.TextMeshPro", "C:\Users\dagrawal\Documents\WORKSPACE\prjObjectDetection\App\GeneratedProjects\UWP\Unity.TextMeshPro\Unity.TextMeshPro.csproj", "{95B10062-5317-416B-AFF4-F451762C72B9}"
EndProject
Project("{FAE04EC0-301F-11D3-BF4B-00C04F79EFBC}") = "Unity.Analytics.DataPrivacy", "C:\Users\dagrawal\Documents\WORKSPACE\prjObjectDetection\App\GeneratedProjects\UWP\Unity.Analytics.DataPrivacy\Unity.Analytics.DataPrivacy.csproj", "{E98C2B1F-0114-45B7-9B02-8C6BCCCACB74}"
EndProject
Project("{FAE04EC0-301F-11D3-BF4B-00C04F79EFBC}") = "Unity.XR.WindowsMR", "C:\Users\dagrawal\Documents\WORKSPACE\prjObjectDetection\App\GeneratedProjects\UWP\Unity.XR.WindowsMR\Unity.XR.WindowsMR.csproj", "{7D6B87A0-F3D9-4D18-AF98-18D2A772AE4C}"
EndProject
Project("{FAE04EC0-301F-11D3-BF4B-00C04F79EFBC}") = "Assembly-CSharp", "C:\Users\dagrawal\Documents\WORKSPACE\prjObjectDetection\App\GeneratedProjects\UWP\Assembly-CSharp\Assembly-CSharp.csproj", "{1F893647-81AC-413D-857B-30BD4DF4C3AA}"
EndProject
Global
	GlobalSection(SolutionConfigurationPlatforms) = preSolution
		Debug|ARM = Debug|ARM
		Debug|x64 = Debug|x64
		Debug|x86 = Debug|x86
		Master|ARM = Master|ARM
		Master|x64 = Master|x64
		Master|x86 = Master|x86
		Release|ARM = Release|ARM
		Release|x64 = Release|x64
		Release|x86 = Release|x86
	EndGlobalSection
	GlobalSection(ProjectConfigurationPlatforms) = postSolution
		{13A45C13-3265-47B8-BC48-A553B569DF55}.Debug|ARM.ActiveCfg = Debug|ARM
		{13A45C13-3265-47B8-BC48-A553B569DF55}.Debug|ARM.Build.0 = Debug|ARM
		{13A45C13-3265-47B8-BC48-A553B569DF55}.Debug|ARM.Deploy.0 = Debug|ARM
		{13A45C13-3265-47B8-BC48-A553B569DF55}.Debug|x64.ActiveCfg = Debug|x64
		{13A45C13-3265-47B8-BC48-A553B569DF55}.Debug|x64.Build.0 = Debug|x64
		{13A45C13-3265-47B8-BC48-A553B569DF55}.Debug|x64.Deploy.0 = Debug|x64
		{13A45C13-3265-47B8-BC48-A553B569DF55}.Debug|x86.ActiveCfg = Debug|x86
		{13A45C13-3265-47B8-BC48-A553B569DF55}.Debug|x86.Build.0 = Debug|x86
		{13A45C13-3265-47B8-BC48-A553B569DF55}.Debug|x86.Deploy.0 = Debug|x86
		{13A45C13-3265-47B8-BC48-A553B569DF55}.Master|ARM.ActiveCfg = Master|ARM
		{13A45C13-3265-47B8-BC48-A553B569DF55}.Master|ARM.Build.0 = Master|ARM
		{13A45C13-3265-47B8-BC48-A553B569DF55}.Master|ARM.Deploy.0 = Master|ARM
		{13A45C13-3265-47B8-BC48-A553B569DF55}.Master|x64.ActiveCfg = Master|x64
		{13A45C13-3265-47B8-BC48-A553B569DF55}.Master|x64.Build.0 = Master|x64
		{13A45C13-3265-47B8-BC48-A553B569DF55}.Master|x64.Deploy.0 = Master|x64
		{13A45C13-3265-47B8-BC48-A553B569DF55}.Master|x86.ActiveCfg = Master|x86
		{13A45C13-3265-47B8-BC48-A553B569DF55}.Master|x86.Build.0 = Master|x86
		{13A45C13-3265-47B8-BC48-A553B569DF55}.Master|x86.Deploy.0 = Master|x86
		{13A45C13-3265-47B8-BC48-A553B569DF55}.Release|ARM.ActiveCfg = Release|ARM
		{13A45C13-3265-47B8-BC48-A553B569DF55}.Release|ARM.Build.0 = Release|ARM
		{13A45C13-3265-47B8-BC48-A553B569DF55}.Release|ARM.Deploy.0 = Release|ARM
		{13A45C13-3265-47B8-BC48-A553B569DF55}.Release|x64.ActiveCfg = Release|x64
		{13A45C13-3265-47B8-BC48-A553B569DF55}.Release|x64.Build.0 = Release|x64
		{13A45C13-3265-47B8-BC48-A553B569DF55}.Release|x64.Deploy.0 = Release|x64
		{13A45C13-3265-47B8-BC48-A553B569DF55}.Release|x86.ActiveCfg = Release|x86
		{13A45C13-3265-47B8-BC48-A553B569DF55}.Release|x86.Build.0 = Release|x86
		{13A45C13-3265-47B8-BC48-A553B569DF55}.Release|x86.Deploy.0 = Release|x86
		{95B10062-5317-416B-AFF4-F451762C72B9}.Debug|ARM.ActiveCfg = Debug|ARM
		{95B10062-5317-416B-AFF4-F451762C72B9}.Debug|ARM.Build.0 = Debug|ARM
		{95B10062-5317-416B-AFF4-F451762C72B9}.Debug|x64.ActiveCfg = Debug|x64
		{95B10062-5317-416B-AFF4-F451762C72B9}.Debug|x64.Build.0 = Debug|x64
		{95B10062-5317-416B-AFF4-F451762C72B9}.Debug|x86.ActiveCfg = Debug|x86
		{95B10062-5317-416B-AFF4-F451762C72B9}.Debug|x86.Build.0 = Debug|x86
		{95B10062-5317-416B-AFF4-F451762C72B9}.Master|ARM.ActiveCfg = Master|ARM
		{95B10062-5317-416B-AFF4-F451762C72B9}.Master|ARM.Build.0 = Master|ARM
		{95B10062-5317-416B-AFF4-F451762C72B9}.Master|x64.ActiveCfg = Master|x64
		{95B10062-5317-416B-AFF4-F451762C72B9}.Master|x64.Build.0 = Master|x64
		{95B10062-5317-416B-AFF4-F451762C72B9}.Master|x86.ActiveCfg = Master|x86
		{95B10062-5317-416B-AFF4-F451762C72B9}.Master|x86.Build.0 = Master|x86
		{95B10062-5317-416B-AFF4-F451762C72B9}.Release|ARM.ActiveCfg = Release|ARM
		{95B10062-5317-416B-AFF4-F451762C72B9}.Release|ARM.Build.0 = Release|ARM
		{95B10062-5317-416B-AFF4-F451762C72B9}.Release|x64.ActiveCfg = Release|x64
		{95B10062-5317-416B-AFF4-F451762C72B9}.Release|x64.Build.0 = Release|x64
		{95B10062-5317-416B-AFF4-F451762C72B9}.Release|x86.ActiveCfg = Release|x86
		{95B10062-5317-416B-AFF4-F451762C72B9}.Release|x86.Build.0 = Release|x86
		{E98C2B1F-0114-45B7-9B02-8C6BCCCACB74}.Debug|ARM.ActiveCfg = Debug|ARM
		{E98C2B1F-0114-45B7-9B02-8C6BCCCACB74}.Debug|ARM.Build.0 = Debug|ARM
		{E98C2B1F-0114-45B7-9B02-8C6BCCCACB74}.Debug|x64.ActiveCfg = Debug|x64
		{E98C2B1F-0114-45B7-9B02-8C6BCCCACB74}.Debug|x64.Build.0 = Debug|x64
		{E98C2B1F-0114-45B7-9B02-8C6BCCCACB74}.Debug|x86.ActiveCfg = Debug|x86
		{E98C2B1F-0114-45B7-9B02-8C6BCCCACB74}.Debug|x86.Build.0 = Debug|x86
		{E98C2B1F-0114-45B7-9B02-8C6BCCCACB74}.Master|ARM.ActiveCfg = Master|ARM
		{E98C2B1F-0114-45B7-9B02-8C6BCCCACB74}.Master|ARM.Build.0 = Master|ARM
		{E98C2B1F-0114-45B7-9B02-8C6BCCCACB74}.Master|x64.ActiveCfg = Master|x64
		{E98C2B1F-0114-45B7-9B02-8C6BCCCACB74}.Master|x64.Build.0 = Master|x64
		{E98C2B1F-0114-45B7-9B02-8C6BCCCACB74}.Master|x86.ActiveCfg = Master|x86
		{E98C2B1F-0114-45B7-9B02-8C6BCCCACB74}.Master|x86.Build.0 = Master|x86
		{E98C2B1F-0114-45B7-9B02-8C6BCCCACB74}.Release|ARM.ActiveCfg = Release|ARM
		{E98C2B1F-0114-45B7-9B02-8C6BCCCACB74}.Release|ARM.Build.0 = Release|ARM
		{E98C2B1F-0114-45B7-9B02-8C6BCCCACB74}.Release|x64.ActiveCfg = Release|x64
		{E98C2B1F-0114-45B7-9B02-8C6BCCCACB74}.Release|x64.Build.0 = Release|x64
		{E98C2B1F-0114-45B7-9B02-8C6BCCCACB74}.Release|x86.ActiveCfg = Release|x86
		{E98C2B1F-0114-45B7-9B02-8C6BCCCACB74}.Release|x86.Build.0 = Release|x86
		{7D6B87A0-F3D9-4D18-AF98-18D2A772AE4C}.Debug|ARM.ActiveCfg = Debug|ARM
		{7D6B87A0-F3D9-4D18-AF98-18D2A772AE4C}.Debug|ARM.Build.0 = Debug|ARM
		{7D6B87A0-F3D9-4D18-AF98-18D2A772AE4C}.Debug|x64.ActiveCfg = Debug|x64
		{7D6B87A0-F3D9-4D18-AF98-18D2A772AE4C}.Debug|x64.Build.0 = Debug|x64
		{7D6B87A0-F3D9-4D18-AF98-18D2A772AE4C}.Debug|x86.ActiveCfg = Debug|x86
		{7D6B87A0-F3D9-4D18-AF98-18D2A772AE4C}.Debug|x86.Build.0 = Debug|x86
		{7D6B87A0-F3D9-4D18-AF98-18D2A772AE4C}.Master|ARM.ActiveCfg = Master|ARM
		{7D6B87A0-F3D9-4D18-AF98-18D2A772AE4C}.Master|ARM.Build.0 = Master|ARM
		{7D6B87A0-F3D9-4D18-AF98-18D2A772AE4C}.Master|x64.ActiveCfg = Master|x64
		{7D6B87A0-F3D9-4D18-AF98-18D2A772AE4C}.Master|x64.Build.0 = Master|x64
		{7D6B87A0-F3D9-4D18-AF98-18D2A772AE4C}.Master|x86.ActiveCfg = Master|x86
		{7D6B87A0-F3D9-4D18-AF98-18D2A772AE4C}.Master|x86.Build.0 = Master|x86
		{7D6B87A0-F3D9-4D18-AF98-18D2A772AE4C}.Release|ARM.ActiveCfg = Release|ARM
		{7D6B87A0-F3D9-4D18-AF98-18D2A772AE4C}.Release|ARM.Build.0 = Release|ARM
		{7D6B87A0-F3D9-4D18-AF98-18D2A772AE4C}.Release|x64.ActiveCfg = Release|x64
		{7D6B87A0-F3D9-4D18-AF98-18D2A772AE4C}.Release|x64.Build.0 = Release|x64
		{7D6B87A0-F3D9-4D18-AF98-18D2A772AE4C}.Release|x86.ActiveCfg = Release|x86
		{7D6B87A0-F3D9-4D18-AF98-18D2A772AE4C}.Release|x86.Build.0 = Release|x86
		{1F893647-81AC-413D-857B-30BD4DF4C3AA}.Debug|ARM.ActiveCfg = Debug|ARM
		{1F893647-81AC-413D-857B-30BD4DF4C3AA}.Debug|ARM.Build.0 = Debug|ARM
		{1F893647-81AC-413D-857B-30BD4DF4C3AA}.Debug|x64.ActiveCfg = Debug|x64
		{1F893647-81AC-413D-857B-30BD4DF4C3AA}.Debug|x64.Build.0 = Debug|x64
		{1F893647-81AC-413D-857B-30BD4DF4C3AA}.Debug|x86.ActiveCfg = Debug|x86
		{1F893647-81AC-413D-857B-30BD4DF4C3AA}.Debug|x86.Build.0 = Debug|x86
		{1F893647-81AC-413D-857B-30BD4DF4C3AA}.Master|ARM.ActiveCfg = Master|ARM
		{1F893647-81AC-413D-857B-30BD4DF4C3AA}.Master|ARM.Build.0 = Master|ARM
		{1F893647-81AC-413D-857B-30BD4DF4C3AA}.Master|x64.ActiveCfg = Master|x64
		{1F893647-81AC-413D-857B-30BD4DF4C3AA}.Master|x64.Build.0 = Master|x64
		{1F893647-81AC-413D-857B-30BD4DF4C3AA}.Master|x86.ActiveCfg = Master|x86
		{1F893647-81AC-413D-857B-30BD4DF4C3AA}.Master|x86.Build.0 = Master|x86
		{1F893647-81AC-413D-857B-30BD4DF4C3AA}.Release|ARM.ActiveCfg = Release|ARM
		{1F893647-81AC-413D-857B-30BD4DF4C3AA}.Release|ARM.Build.0 = Release|ARM
		{1F893647-81AC-413D-857B-30BD4DF4C3AA}.Release|x64.ActiveCfg = Release|x64
		{1F893647-81AC-413D-857B-30BD4DF4C3AA}.Release|x64.Build.0 = Release|x64
		{1F893647-81AC-413D-857B-30BD4DF4C3AA}.Release|x86.ActiveCfg = Release|x86
		{1F893647-81AC-413D-857B-30BD4DF4C3AA}.Release|x86.Build.0 = Release|x86
	EndGlobalSection
	GlobalSection(SolutionProperties) = preSolution
		HideSolutionNode = FALSE
	EndGlobalSection
	GlobalSection(ExtensibilityGlobals) = postSolution
		SolutionGuid = {AF4ECB90-2329-4813-A9A3-08036BEF4B5A}
	EndGlobalSection
EndGlobal
